
Microsoft Visual Studio Solution File, Format Version 12.00
# Visual Studio Version 17
VisualStudioVersion = 17.7.34221.43
MinimumVisualStudioVersion = 10.0.40219.1
Project("{8BC9CEB8-8B4A-11D0-8D11-00A0C91BC942}") = "OOP_4", "OOP_4\OOP_4.vcxproj", "{E6D720FB-20F0-42DB-B71D-C52A1F7687AC}"
EndProject
Global
	GlobalSection(SolutionConfigurationPlatforms) = preSolution
		Debug|x64 = Debug|x64
		Debug|x86 = Debug|x86
		Release|x64 = Release|x64
		Release|x86 = Release|x86
	EndGlobalSection
	GlobalSection(ProjectConfigurationPlatforms) = postSolution
		{E6D720FB-20F0-42DB-B71D-C52A1F7687AC}.Debug|x64.ActiveCfg = Debug|x64
		{E6D720FB-20F0-42DB-B71D-C52A1F7687AC}.Debug|x64.Build.0 = Debug|x64
		{E6D720FB-20F0-42DB-B71D-C52A1F7687AC}.Debug|x86.ActiveCfg = Debug|Win32
		{E6D720FB-20F0-42DB-B71D-C52A1F7687AC}.Debug|x86.Build.0 = Debug|Win32
		{E6D720FB-20F0-42DB-B71D-C52A1F7687AC}.Release|x64.ActiveCfg = Release|x64
		{E6D720FB-20F0-42DB-B71D-C52A1F7687AC}.Release|x64.Build.0 = Release|x64
		{E6D720FB-20F0-42DB-B71D-C52A1F7687AC}.Release|x86.ActiveCfg = Release|Win32
		{E6D720FB-20F0-42DB-B71D-C52A1F7687AC}.Release|x86.Build.0 = Release|Win32
	EndGlobalSection
	GlobalSection(SolutionProperties) = preSolution
		HideSolutionNode = FALSE
	EndGlobalSection
	GlobalSection(ExtensibilityGlobals) = postSolution
		SolutionGuid = {67B0B3D3-E37D-48CD-9020-63C7D680BC2A}
	EndGlobalSection
EndGlobal
